{
  "object": {
    "pins": [
      {
        "package": "Extensions",
        "repositoryURL": "https://github.com/HarlovMickel/extensions.package.git",
        "state": {
          "branch": "main",
          "revision": "a5ecdb187c76e7d7438564b95abde46b14b824ab",
          "version": null
        }
      }
    ]
  },
  "version": 1
}
